
Microsoft Visual Studio Solution File, Format Version 12.00
# Visual Studio Express 2013 for Web
VisualStudioVersion = 12.0.30723.0
MinimumVisualStudioVersion = 10.0.40219.1
Project("{FAE04EC0-301F-11D3-BF4B-00C04F79EFBC}") = "Infrastructure_v0", "Infrastructure_v0\Infrastructure_v0.csproj", "{DAC245AC-55DD-4595-9D2C-4A77E4588F7A}"
EndProject
Global
	GlobalSection(SolutionConfigurationPlatforms) = preSolution
		Debug|Any CPU = Debug|Any CPU
		Debug|Mixed Platforms = Debug|Mixed Platforms
		Debug|x86 = Debug|x86
		Release|Any CPU = Release|Any CPU
		Release|Mixed Platforms = Release|Mixed Platforms
		Release|x86 = Release|x86
	EndGlobalSection
	GlobalSection(ProjectConfigurationPlatforms) = postSolution
		{DAC245AC-55DD-4595-9D2C-4A77E4588F7A}.Debug|Any CPU.ActiveCfg = Debug|Any CPU
		{DAC245AC-55DD-4595-9D2C-4A77E4588F7A}.Debug|Any CPU.Build.0 = Debug|Any CPU
		{DAC245AC-55DD-4595-9D2C-4A77E4588F7A}.Debug|Mixed Platforms.ActiveCfg = Debug|Any CPU
		{DAC245AC-55DD-4595-9D2C-4A77E4588F7A}.Debug|Mixed Platforms.Build.0 = Debug|Any CPU
		{DAC245AC-55DD-4595-9D2C-4A77E4588F7A}.Debug|x86.ActiveCfg = Debug|Any CPU
		{DAC245AC-55DD-4595-9D2C-4A77E4588F7A}.Release|Any CPU.ActiveCfg = Release|Any CPU
		{DAC245AC-55DD-4595-9D2C-4A77E4588F7A}.Release|Any CPU.Build.0 = Release|Any CPU
		{DAC245AC-55DD-4595-9D2C-4A77E4588F7A}.Release|Mixed Platforms.ActiveCfg = Release|Any CPU
		{DAC245AC-55DD-4595-9D2C-4A77E4588F7A}.Release|Mixed Platforms.Build.0 = Release|Any CPU
		{DAC245AC-55DD-4595-9D2C-4A77E4588F7A}.Release|x86.ActiveCfg = Release|Any CPU
	EndGlobalSection
	GlobalSection(SolutionProperties) = preSolution
		HideSolutionNode = FALSE
	EndGlobalSection
EndGlobal
