
Microsoft Visual Studio Solution File, Format Version 12.00
# Visual Studio Express 2013 for Web
VisualStudioVersion = 12.0.31101.0
MinimumVisualStudioVersion = 10.0.40219.1
Project("{FAE04EC0-301F-11D3-BF4B-00C04F79EFBC}") = "WhatsHoppening.Tests", "WhatsHoppening.Tests\WhatsHoppening.Tests.csproj", "{83D1E072-69F1-4B86-B8D6-7CA99ACE129C}"
EndProject
Project("{FAE04EC0-301F-11D3-BF4B-00C04F79EFBC}") = "WhatsHoppening.Domain", "WhatsHoppening.Domain\WhatsHoppening.Domain.csproj", "{DC098EC3-1FC0-401B-A6F3-BAF6EA8E03D1}"
EndProject
Project("{FAE04EC0-301F-11D3-BF4B-00C04F79EFBC}") = "WhatsHoppening.Providers", "WhatsHoppening.Providers\WhatsHoppening.Providers.csproj", "{DE020095-C06A-425E-8D36-B17AE0C1634B}"
EndProject
Project("{FAE04EC0-301F-11D3-BF4B-00C04F79EFBC}") = "WhatsHoppening.Infrastructure", "WhatsHoppening.Infrastructure\WhatsHoppening.Infrastructure.csproj", "{2A666F87-F062-4FDF-B351-95C9CF9E62B3}"
EndProject
Project("{FAE04EC0-301F-11D3-BF4B-00C04F79EFBC}") = "WhatsHoppening.Extensions", "WhatsHoppening.Extensions\WhatsHoppening.Extensions.csproj", "{E89CBAA5-F3ED-4743-B5E1-D6049C1ADAF7}"
EndProject
Project("{FAE04EC0-301F-11D3-BF4B-00C04F79EFBC}") = "WhatsHoppening", "WhatsHoppening\WhatsHoppening.csproj", "{0B5DBF98-B6E6-435A-93C0-CB7375EADFD4}"
EndProject
Global
	GlobalSection(SolutionConfigurationPlatforms) = preSolution
		Debug|Any CPU = Debug|Any CPU
		Release|Any CPU = Release|Any CPU
	EndGlobalSection
	GlobalSection(ProjectConfigurationPlatforms) = postSolution
		{83D1E072-69F1-4B86-B8D6-7CA99ACE129C}.Debug|Any CPU.ActiveCfg = Debug|Any CPU
		{83D1E072-69F1-4B86-B8D6-7CA99ACE129C}.Debug|Any CPU.Build.0 = Debug|Any CPU
		{83D1E072-69F1-4B86-B8D6-7CA99ACE129C}.Release|Any CPU.ActiveCfg = Release|Any CPU
		{83D1E072-69F1-4B86-B8D6-7CA99ACE129C}.Release|Any CPU.Build.0 = Release|Any CPU
		{DC098EC3-1FC0-401B-A6F3-BAF6EA8E03D1}.Debug|Any CPU.ActiveCfg = Debug|Any CPU
		{DC098EC3-1FC0-401B-A6F3-BAF6EA8E03D1}.Debug|Any CPU.Build.0 = Debug|Any CPU
		{DC098EC3-1FC0-401B-A6F3-BAF6EA8E03D1}.Release|Any CPU.ActiveCfg = Release|Any CPU
		{DC098EC3-1FC0-401B-A6F3-BAF6EA8E03D1}.Release|Any CPU.Build.0 = Release|Any CPU
		{DE020095-C06A-425E-8D36-B17AE0C1634B}.Debug|Any CPU.ActiveCfg = Debug|Any CPU
		{DE020095-C06A-425E-8D36-B17AE0C1634B}.Debug|Any CPU.Build.0 = Debug|Any CPU
		{DE020095-C06A-425E-8D36-B17AE0C1634B}.Release|Any CPU.ActiveCfg = Release|Any CPU
		{DE020095-C06A-425E-8D36-B17AE0C1634B}.Release|Any CPU.Build.0 = Release|Any CPU
		{2A666F87-F062-4FDF-B351-95C9CF9E62B3}.Debug|Any CPU.ActiveCfg = Debug|Any CPU
		{2A666F87-F062-4FDF-B351-95C9CF9E62B3}.Debug|Any CPU.Build.0 = Debug|Any CPU
		{2A666F87-F062-4FDF-B351-95C9CF9E62B3}.Release|Any CPU.ActiveCfg = Release|Any CPU
		{2A666F87-F062-4FDF-B351-95C9CF9E62B3}.Release|Any CPU.Build.0 = Release|Any CPU
		{E89CBAA5-F3ED-4743-B5E1-D6049C1ADAF7}.Debug|Any CPU.ActiveCfg = Debug|Any CPU
		{E89CBAA5-F3ED-4743-B5E1-D6049C1ADAF7}.Debug|Any CPU.Build.0 = Debug|Any CPU
		{E89CBAA5-F3ED-4743-B5E1-D6049C1ADAF7}.Release|Any CPU.ActiveCfg = Release|Any CPU
		{E89CBAA5-F3ED-4743-B5E1-D6049C1ADAF7}.Release|Any CPU.Build.0 = Release|Any CPU
		{0B5DBF98-B6E6-435A-93C0-CB7375EADFD4}.Debug|Any CPU.ActiveCfg = Debug|Any CPU
		{0B5DBF98-B6E6-435A-93C0-CB7375EADFD4}.Debug|Any CPU.Build.0 = Debug|Any CPU
		{0B5DBF98-B6E6-435A-93C0-CB7375EADFD4}.Release|Any CPU.ActiveCfg = Release|Any CPU
		{0B5DBF98-B6E6-435A-93C0-CB7375EADFD4}.Release|Any CPU.Build.0 = Release|Any CPU
	EndGlobalSection
	GlobalSection(SolutionProperties) = preSolution
		HideSolutionNode = FALSE
	EndGlobalSection
EndGlobal
